
Microsoft Visual Studio Solution File, Format Version 12.00
# Visual Studio Version 17
VisualStudioVersion = 17.0.32002.185
MinimumVisualStudioVersion = 10.0.40219.1
Project("{FAE04EC0-301F-11D3-BF4B-00C04F79EFBC}") = "SmokeMaster.Server", "SmokeMaster\Server\SmokeMaster.Server.csproj", "{1C1947C1-3980-480D-A9DB-8AEA89D4254E}"
EndProject
Project("{FAE04EC0-301F-11D3-BF4B-00C04F79EFBC}") = "SmokeMaster.Client", "SmokeMaster\Client\SmokeMaster.Client.csproj", "{698D1B69-F1C0-4F01-9A44-B5700D8394EE}"
EndProject
Project("{FAE04EC0-301F-11D3-BF4B-00C04F79EFBC}") = "SmokeMaster.Shared", "SmokeMaster\Shared\SmokeMaster.Shared.csproj", "{D2C89EF2-B883-4D34-B7E8-8CA76058F147}"
EndProject
Global
	GlobalSection(SolutionConfigurationPlatforms) = preSolution
		Debug|Any CPU = Debug|Any CPU
		Release|Any CPU = Release|Any CPU
	EndGlobalSection
	GlobalSection(ProjectConfigurationPlatforms) = postSolution
		{1C1947C1-3980-480D-A9DB-8AEA89D4254E}.Debug|Any CPU.ActiveCfg = Debug|Any CPU
		{1C1947C1-3980-480D-A9DB-8AEA89D4254E}.Debug|Any CPU.Build.0 = Debug|Any CPU
		{1C1947C1-3980-480D-A9DB-8AEA89D4254E}.Release|Any CPU.ActiveCfg = Release|Any CPU
		{1C1947C1-3980-480D-A9DB-8AEA89D4254E}.Release|Any CPU.Build.0 = Release|Any CPU
		{698D1B69-F1C0-4F01-9A44-B5700D8394EE}.Debug|Any CPU.ActiveCfg = Debug|Any CPU
		{698D1B69-F1C0-4F01-9A44-B5700D8394EE}.Debug|Any CPU.Build.0 = Debug|Any CPU
		{698D1B69-F1C0-4F01-9A44-B5700D8394EE}.Release|Any CPU.ActiveCfg = Release|Any CPU
		{698D1B69-F1C0-4F01-9A44-B5700D8394EE}.Release|Any CPU.Build.0 = Release|Any CPU
		{D2C89EF2-B883-4D34-B7E8-8CA76058F147}.Debug|Any CPU.ActiveCfg = Debug|Any CPU
		{D2C89EF2-B883-4D34-B7E8-8CA76058F147}.Debug|Any CPU.Build.0 = Debug|Any CPU
		{D2C89EF2-B883-4D34-B7E8-8CA76058F147}.Release|Any CPU.ActiveCfg = Release|Any CPU
		{D2C89EF2-B883-4D34-B7E8-8CA76058F147}.Release|Any CPU.Build.0 = Release|Any CPU
	EndGlobalSection
	GlobalSection(SolutionProperties) = preSolution
		HideSolutionNode = FALSE
	EndGlobalSection
	GlobalSection(ExtensibilityGlobals) = postSolution
		SolutionGuid = {6A3C536D-148E-4B76-B423-DE535DABEA62}
	EndGlobalSection
EndGlobal
